// !$*UTF8*$!
{
	archiveVersion = 1;
	classes = {
	};
	objectVersion = 55;
	objects = {

/* Begin PBXBuildFile section */
		4F202FE827219A380086C347 /* Extension.swift in Sources */ = {isa = PBXBuildFile; fileRef = 4F202FE727219A380086C347 /* Extension.swift */; };
		4F203004272283B10086C347 /* CategorySelectTableViewController.swift in Sources */ = {isa = PBXBuildFile; fileRef = 4F203003272283B10086C347 /* CategorySelectTableViewController.swift */; };
		4F203006272294BE0086C347 /* CategoryTableViewCell.swift in Sources */ = {isa = PBXBuildFile; fileRef = 4F203005272294BE0086C347 /* CategoryTableViewCell.swift */; };
		4FA5EEEA271D5C37000F74F0 /* Constant.swift in Sources */ = {isa = PBXBuildFile; fileRef = 4FA5EEE9271D5C37000F74F0 /* Constant.swift */; };
		4FA5EEEC271D5E7D000F74F0 /* Enums.swift in Sources */ = {isa = PBXBuildFile; fileRef = 4FA5EEEB271D5E7D000F74F0 /* Enums.swift */; };
		4FA5EEEE271D9D9B000F74F0 /* AddItemTableViewController.swift in Sources */ = {isa = PBXBuildFile; fileRef = 4FA5EEED271D9D9B000F74F0 /* AddItemTableViewController.swift */; };
		4FA5EF1C271E58D6000F74F0 /* SpendTracker.xcdatamodeld in Sources */ = {isa = PBXBuildFile; fileRef = 4FA5EF1A271E58D6000F74F0 /* SpendTracker.xcdatamodeld */; };
		4FA5EF1F271E719F000F74F0 /* TransactionData+CoreDataClass.swift in Sources */ = {isa = PBXBuildFile; fileRef = 4FA5EF1D271E719E000F74F0 /* TransactionData+CoreDataClass.swift */; };
		4FA5EF20271E719F000F74F0 /* TransactionData+CoreDataProperties.swift in Sources */ = {isa = PBXBuildFile; fileRef = 4FA5EF1E271E719E000F74F0 /* TransactionData+CoreDataProperties.swift */; };
		4FA5EF4E27202BC8000F74F0 /* AccountTableViewCell.swift in Sources */ = {isa = PBXBuildFile; fileRef = 4FA5EF4D27202BC8000F74F0 /* AccountTableViewCell.swift */; };
		4FB6EB9A2723DEDA000CBDAA /* Charts in Frameworks */ = {isa = PBXBuildFile; productRef = 4FB6EB992723DEDA000CBDAA /* Charts */; };
		4FB6EB9C2723E333000CBDAA /* StateTableViewCell.swift in Sources */ = {isa = PBXBuildFile; fileRef = 4FB6EB9B2723E332000CBDAA /* StateTableViewCell.swift */; };
		4FC68DB4271D405100556A4E /* TransactionItemCell.swift in Sources */ = {isa = PBXBuildFile; fileRef = 4FC68DB3271D405100556A4E /* TransactionItemCell.swift */; };
		4FC68DB6271D460300556A4E /* TransactionData.swift in Sources */ = {isa = PBXBuildFile; fileRef = 4FC68DB5271D460300556A4E /* TransactionData.swift */; };
		4FDC12442733DCDE009BAB08 /* TestViewController.swift in Sources */ = {isa = PBXBuildFile; fileRef = 4FDC12432733DCDE009BAB08 /* TestViewController.swift */; };
		4FE5D2F826FDC1AC005E548D /* AppDelegate.swift in Sources */ = {isa = PBXBuildFile; fileRef = 4FE5D2F726FDC1AC005E548D /* AppDelegate.swift */; };
		4FE5D2FA26FDC1AC005E548D /* SceneDelegate.swift in Sources */ = {isa = PBXBuildFile; fileRef = 4FE5D2F926FDC1AC005E548D /* SceneDelegate.swift */; };
		4FE5D2FF26FDC1AC005E548D /* Main.storyboard in Resources */ = {isa = PBXBuildFile; fileRef = 4FE5D2FD26FDC1AC005E548D /* Main.storyboard */; };
		4FE5D30126FDC1AF005E548D /* Assets.xcassets in Resources */ = {isa = PBXBuildFile; fileRef = 4FE5D30026FDC1AF005E548D /* Assets.xcassets */; };
		4FE5D30426FDC1AF005E548D /* LaunchScreen.storyboard in Resources */ = {isa = PBXBuildFile; fileRef = 4FE5D30226FDC1AF005E548D /* LaunchScreen.storyboard */; };
		4FE5D30F26FDD0BC005E548D /* MainViewController.swift in Sources */ = {isa = PBXBuildFile; fileRef = 4FE5D30E26FDD0BC005E548D /* MainViewController.swift */; };
		4FE5D31326FDD184005E548D /* AccountSelectTableViewController.swift in Sources */ = {isa = PBXBuildFile; fileRef = 4FE5D31226FDD184005E548D /* AccountSelectTableViewController.swift */; };
		4FE5D31726FDD29D005E548D /* StateTableViewController.swift in Sources */ = {isa = PBXBuildFile; fileRef = 4FE5D31626FDD29D005E548D /* StateTableViewController.swift */; };
/* End PBXBuildFile section */

/* Begin PBXFileReference section */
		4F202FE727219A380086C347 /* Extension.swift */ = {isa = PBXFileReference; lastKnownFileType = sourcecode.swift; path = Extension.swift; sourceTree = "<group>"; };
		4F203003272283B10086C347 /* CategorySelectTableViewController.swift */ = {isa = PBXFileReference; lastKnownFileType = sourcecode.swift; path = CategorySelectTableViewController.swift; sourceTree = "<group>"; };
		4F203005272294BE0086C347 /* CategoryTableViewCell.swift */ = {isa = PBXFileReference; lastKnownFileType = sourcecode.swift; path = CategoryTableViewCell.swift; sourceTree = "<group>"; };
		4FA5EEE9271D5C37000F74F0 /* Constant.swift */ = {isa = PBXFileReference; lastKnownFileType = sourcecode.swift; path = Constant.swift; sourceTree = "<group>"; };
		4FA5EEEB271D5E7D000F74F0 /* Enums.swift */ = {isa = PBXFileReference; lastKnownFileType = sourcecode.swift; path = Enums.swift; sourceTree = "<group>"; };
		4FA5EEED271D9D9B000F74F0 /* AddItemTableViewController.swift */ = {isa = PBXFileReference; lastKnownFileType = sourcecode.swift; path = AddItemTableViewController.swift; sourceTree = "<group>"; };
		4FA5EF1B271E58D6000F74F0 /* SpendTracker.xcdatamodel */ = {isa = PBXFileReference; lastKnownFileType = wrapper.xcdatamodel; path = SpendTracker.xcdatamodel; sourceTree = "<group>"; };
		4FA5EF1D271E719E000F74F0 /* TransactionData+CoreDataClass.swift */ = {isa = PBXFileReference; lastKnownFileType = sourcecode.swift; path = "TransactionData+CoreDataClass.swift"; sourceTree = "<group>"; };
		4FA5EF1E271E719E000F74F0 /* TransactionData+CoreDataProperties.swift */ = {isa = PBXFileReference; lastKnownFileType = sourcecode.swift; path = "TransactionData+CoreDataProperties.swift"; sourceTree = "<group>"; };
		4FA5EF4D27202BC8000F74F0 /* AccountTableViewCell.swift */ = {isa = PBXFileReference; lastKnownFileType = sourcecode.swift; path = AccountTableViewCell.swift; sourceTree = "<group>"; };
		4FB6EB9B2723E332000CBDAA /* StateTableViewCell.swift */ = {isa = PBXFileReference; lastKnownFileType = sourcecode.swift; path = StateTableViewCell.swift; sourceTree = "<group>"; };
		4FC68DB3271D405100556A4E /* TransactionItemCell.swift */ = {isa = PBXFileReference; lastKnownFileType = sourcecode.swift; path = TransactionItemCell.swift; sourceTree = "<group>"; };
		4FC68DB5271D460300556A4E /* TransactionData.swift */ = {isa = PBXFileReference; lastKnownFileType = sourcecode.swift; path = TransactionData.swift; sourceTree = "<group>"; };
		4FDC12432733DCDE009BAB08 /* TestViewController.swift */ = {isa = PBXFileReference; lastKnownFileType = sourcecode.swift; path = TestViewController.swift; sourceTree = "<group>"; };
		4FE5D2F426FDC1AC005E548D /* SpendTracker.app */ = {isa = PBXFileReference; explicitFileType = wrapper.application; includeInIndex = 0; path = SpendTracker.app; sourceTree = BUILT_PRODUCTS_DIR; };
		4FE5D2F726FDC1AC005E548D /* AppDelegate.swift */ = {isa = PBXFileReference; lastKnownFileType = sourcecode.swift; path = AppDelegate.swift; sourceTree = "<group>"; };
		4FE5D2F926FDC1AC005E548D /* SceneDelegate.swift */ = {isa = PBXFileReference; lastKnownFileType = sourcecode.swift; path = SceneDelegate.swift; sourceTree = "<group>"; };
		4FE5D2FE26FDC1AC005E548D /* Base */ = {isa = PBXFileReference; lastKnownFileType = file.storyboard; name = Base; path = Base.lproj/Main.storyboard; sourceTree = "<group>"; };
		4FE5D30026FDC1AF005E548D /* Assets.xcassets */ = {isa = PBXFileReference; lastKnownFileType = folder.assetcatalog; path = Assets.xcassets; sourceTree = "<group>"; };
		4FE5D30326FDC1AF005E548D /* Base */ = {isa = PBXFileReference; lastKnownFileType = file.storyboard; name = Base; path = Base.lproj/LaunchScreen.storyboard; sourceTree = "<group>"; };
		4FE5D30526FDC1AF005E548D /* Info.plist */ = {isa = PBXFileReference; lastKnownFileType = text.plist.xml; path = Info.plist; sourceTree = "<group>"; };
		4FE5D30E26FDD0BC005E548D /* MainViewController.swift */ = {isa = PBXFileReference; lastKnownFileType = sourcecode.swift; path = MainViewController.swift; sourceTree = "<group>"; };
		4FE5D31226FDD184005E548D /* AccountSelectTableViewController.swift */ = {isa = PBXFileReference; lastKnownFileType = sourcecode.swift; path = AccountSelectTableViewController.swift; sourceTree = "<group>"; };
		4FE5D31626FDD29D005E548D /* StateTableViewController.swift */ = {isa = PBXFileReference; lastKnownFileType = sourcecode.swift; path = StateTableViewController.swift; sourceTree = "<group>"; };
/* End PBXFileReference section */

/* Begin PBXFrameworksBuildPhase section */
		4FE5D2F126FDC1AC005E548D /* Frameworks */ = {
			isa = PBXFrameworksBuildPhase;
			buildActionMask = 2147483647;
			files = (
				4FB6EB9A2723DEDA000CBDAA /* Charts in Frameworks */,
			);
			runOnlyForDeploymentPostprocessing = 0;
		};
/* End PBXFrameworksBuildPhase section */

/* Begin PBXGroup section */
		4FC68DB2271D3B8C00556A4E /* Extension */ = {
			isa = PBXGroup;
			children = (
				4FA5EEE9271D5C37000F74F0 /* Constant.swift */,
				4FA5EEEB271D5E7D000F74F0 /* Enums.swift */,
				4F202FE727219A380086C347 /* Extension.swift */,
				4FDC12432733DCDE009BAB08 /* TestViewController.swift */,
			);
			path = Extension;
			sourceTree = "<group>";
		};
		4FE5D2EB26FDC1AB005E548D = {
			isa = PBXGroup;
			children = (
				4FA5EF1D271E719E000F74F0 /* TransactionData+CoreDataClass.swift */,
				4FA5EF1E271E719E000F74F0 /* TransactionData+CoreDataProperties.swift */,
				4FE5D2F626FDC1AC005E548D /* SpendTracker */,
				4FE5D2F526FDC1AC005E548D /* Products */,
			);
			sourceTree = "<group>";
		};
		4FE5D2F526FDC1AC005E548D /* Products */ = {
			isa = PBXGroup;
			children = (
				4FE5D2F426FDC1AC005E548D /* SpendTracker.app */,
			);
			name = Products;
			sourceTree = "<group>";
		};
		4FE5D2F626FDC1AC005E548D /* SpendTracker */ = {
			isa = PBXGroup;
			children = (
				4FC68DB2271D3B8C00556A4E /* Extension */,
				4FE5D30B26FDCA11005E548D /* Models */,
				4FE5D30C26FDCA1A005E548D /* Views */,
				4FE5D30D26FDCA23005E548D /* Controllers */,
				4FE5D2F726FDC1AC005E548D /* AppDelegate.swift */,
				4FE5D2F926FDC1AC005E548D /* SceneDelegate.swift */,
				4FE5D2FD26FDC1AC005E548D /* Main.storyboard */,
				4FE5D30026FDC1AF005E548D /* Assets.xcassets */,
				4FE5D30226FDC1AF005E548D /* LaunchScreen.storyboard */,
				4FE5D30526FDC1AF005E548D /* Info.plist */,
				4FA5EF1A271E58D6000F74F0 /* SpendTracker.xcdatamodeld */,
			);
			path = SpendTracker;
			sourceTree = "<group>";
		};
		4FE5D30B26FDCA11005E548D /* Models */ = {
			isa = PBXGroup;
			children = (
				4FC68DB5271D460300556A4E /* TransactionData.swift */,
			);
			path = Models;
			sourceTree = "<group>";
		};
		4FE5D30C26FDCA1A005E548D /* Views */ = {
			isa = PBXGroup;
			children = (
				4FC68DB3271D405100556A4E /* TransactionItemCell.swift */,
				4FA5EF4D27202BC8000F74F0 /* AccountTableViewCell.swift */,
				4F203005272294BE0086C347 /* CategoryTableViewCell.swift */,
				4FB6EB9B2723E332000CBDAA /* StateTableViewCell.swift */,
			);
			path = Views;
			sourceTree = "<group>";
		};
		4FE5D30D26FDCA23005E548D /* Controllers */ = {
			isa = PBXGroup;
			children = (
				4FE5D30E26FDD0BC005E548D /* MainViewController.swift */,
				4FA5EEED271D9D9B000F74F0 /* AddItemTableViewController.swift */,
				4FE5D31226FDD184005E548D /* AccountSelectTableViewController.swift */,
				4F203003272283B10086C347 /* CategorySelectTableViewController.swift */,
				4FE5D31626FDD29D005E548D /* StateTableViewController.swift */,
			);
			path = Controllers;
			sourceTree = "<group>";
		};
/* End PBXGroup section */

/* Begin PBXNativeTarget section */
		4FE5D2F326FDC1AC005E548D /* SpendTracker */ = {
			isa = PBXNativeTarget;
			buildConfigurationList = 4FE5D30826FDC1AF005E548D /* Build configuration list for PBXNativeTarget "SpendTracker" */;
			buildPhases = (
				4FE5D2F026FDC1AC005E548D /* Sources */,
				4FE5D2F126FDC1AC005E548D /* Frameworks */,
				4FE5D2F226FDC1AC005E548D /* Resources */,
			);
			buildRules = (
			);
			dependencies = (
			);
			name = SpendTracker;
			packageProductDependencies = (
				4FB6EB992723DEDA000CBDAA /* Charts */,
			);
			productName = SpendTracker;
			productReference = 4FE5D2F426FDC1AC005E548D /* SpendTracker.app */;
			productType = "com.apple.product-type.application";
		};
/* End PBXNativeTarget section */

/* Begin PBXProject section */
		4FE5D2EC26FDC1AB005E548D /* Project object */ = {
			isa = PBXProject;
			attributes = {
				BuildIndependentTargetsInParallel = 1;
				LastSwiftUpdateCheck = 1300;
				LastUpgradeCheck = 1300;
				TargetAttributes = {
					4FE5D2F326FDC1AC005E548D = {
						CreatedOnToolsVersion = 13.0;
					};
				};
			};
			buildConfigurationList = 4FE5D2EF26FDC1AB005E548D /* Build configuration list for PBXProject "SpendTracker" */;
			compatibilityVersion = "Xcode 13.0";
			developmentRegion = en;
			hasScannedForEncodings = 0;
			knownRegions = (
				en,
				Base,
			);
			mainGroup = 4FE5D2EB26FDC1AB005E548D;
			packageReferences = (
				4FB6EB982723DEDA000CBDAA /* XCRemoteSwiftPackageReference "Charts" */,
			);
			productRefGroup = 4FE5D2F526FDC1AC005E548D /* Products */;
			projectDirPath = "";
			projectRoot = "";
			targets = (
				4FE5D2F326FDC1AC005E548D /* SpendTracker */,
			);
		};
/* End PBXProject section */

/* Begin PBXResourcesBuildPhase section */
		4FE5D2F226FDC1AC005E548D /* Resources */ = {
			isa = PBXResourcesBuildPhase;
			buildActionMask = 2147483647;
			files = (
				4FE5D30426FDC1AF005E548D /* LaunchScreen.storyboard in Resources */,
				4FE5D30126FDC1AF005E548D /* Assets.xcassets in Resources */,
				4FE5D2FF26FDC1AC005E548D /* Main.storyboard in Resources */,
			);
			runOnlyForDeploymentPostprocessing = 0;
		};
/* End PBXResourcesBuildPhase section */

/* Begin PBXSourcesBuildPhase section */
		4FE5D2F026FDC1AC005E548D /* Sources */ = {
			isa = PBXSourcesBuildPhase;
			buildActionMask = 2147483647;
			files = (
				4FA5EF20271E719F000F74F0 /* TransactionData+CoreDataProperties.swift in Sources */,
				4FDC12442733DCDE009BAB08 /* TestViewController.swift in Sources */,
				4FE5D30F26FDD0BC005E548D /* MainViewController.swift in Sources */,
				4FC68DB4271D405100556A4E /* TransactionItemCell.swift in Sources */,
				4FE5D31726FDD29D005E548D /* StateTableViewController.swift in Sources */,
				4FA5EF1F271E719F000F74F0 /* TransactionData+CoreDataClass.swift in Sources */,
				4FA5EF1C271E58D6000F74F0 /* SpendTracker.xcdatamodeld in Sources */,
				4F203004272283B10086C347 /* CategorySelectTableViewController.swift in Sources */,
				4FE5D31326FDD184005E548D /* AccountSelectTableViewController.swift in Sources */,
				4FE5D2F826FDC1AC005E548D /* AppDelegate.swift in Sources */,
				4F202FE827219A380086C347 /* Extension.swift in Sources */,
				4FA5EF4E27202BC8000F74F0 /* AccountTableViewCell.swift in Sources */,
				4FA5EEEA271D5C37000F74F0 /* Constant.swift in Sources */,
				4F203006272294BE0086C347 /* CategoryTableViewCell.swift in Sources */,
				4FB6EB9C2723E333000CBDAA /* StateTableViewCell.swift in Sources */,
				4FC68DB6271D460300556A4E /* TransactionData.swift in Sources */,
				4FA5EEEE271D9D9B000F74F0 /* AddItemTableViewController.swift in Sources */,
				4FE5D2FA26FDC1AC005E548D /* SceneDelegate.swift in Sources */,
				4FA5EEEC271D5E7D000F74F0 /* Enums.swift in Sources */,
			);
			runOnlyForDeploymentPostprocessing = 0;
		};
/* End PBXSourcesBuildPhase section */

/* Begin PBXVariantGroup section */
		4FE5D2FD26FDC1AC005E548D /* Main.storyboard */ = {
			isa = PBXVariantGroup;
			children = (
				4FE5D2FE26FDC1AC005E548D /* Base */,
			);
			name = Main.storyboard;
			sourceTree = "<group>";
		};
		4FE5D30226FDC1AF005E548D /* LaunchScreen.storyboard */ = {
			isa = PBXVariantGroup;
			children = (
				4FE5D30326FDC1AF005E548D /* Base */,
			);
			name = LaunchScreen.storyboard;
			sourceTree = "<group>";
		};
/* End PBXVariantGroup section */

/* Begin XCBuildConfiguration section */
		4FE5D30626FDC1AF005E548D /* Debug */ = {
			isa = XCBuildConfiguration;
			buildSettings = {
				ALWAYS_SEARCH_USER_PATHS = NO;
				CLANG_ANALYZER_NONNULL = YES;
				CLANG_ANALYZER_NUMBER_OBJECT_CONVERSION = YES_AGGRESSIVE;
				CLANG_CXX_LANGUAGE_STANDARD = "gnu++17";
				CLANG_CXX_LIBRARY = "libc++";
				CLANG_ENABLE_MODULES = YES;
				CLANG_ENABLE_OBJC_ARC = YES;
				CLANG_ENABLE_OBJC_WEAK = YES;
				CLANG_WARN_BLOCK_CAPTURE_AUTORELEASING = YES;
				CLANG_WARN_BOOL_CONVERSION = YES;
				CLANG_WARN_COMMA = YES;
				CLANG_WARN_CONSTANT_CONVERSION = YES;
				CLANG_WARN_DEPRECATED_OBJC_IMPLEMENTATIONS = YES;
				CLANG_WARN_DIRECT_OBJC_ISA_USAGE = YES_ERROR;
				CLANG_WARN_DOCUMENTATION_COMMENTS = YES;
				CLANG_WARN_EMPTY_BODY = YES;
				CLANG_WARN_ENUM_CONVERSION = YES;
				CLANG_WARN_INFINITE_RECURSION = YES;
				CLANG_WARN_INT_CONVERSION = YES;
				CLANG_WARN_NON_LITERAL_NULL_CONVERSION = YES;
				CLANG_WARN_OBJC_IMPLICIT_RETAIN_SELF = YES;
				CLANG_WARN_OBJC_LITERAL_CONVERSION = YES;
				CLANG_WARN_OBJC_ROOT_CLASS = YES_ERROR;
				CLANG_WARN_QUOTED_INCLUDE_IN_FRAMEWORK_HEADER = YES;
				CLANG_WARN_RANGE_LOOP_ANALYSIS = YES;
				CLANG_WARN_STRICT_PROTOTYPES = YES;
				CLANG_WARN_SUSPICIOUS_MOVE = YES;
				CLANG_WARN_UNGUARDED_AVAILABILITY = YES_AGGRESSIVE;
				CLANG_WARN_UNREACHABLE_CODE = YES;
				CLANG_WARN__DUPLICATE_METHOD_MATCH = YES;
				COPY_PHASE_STRIP = NO;
				DEBUG_INFORMATION_FORMAT = dwarf;
				ENABLE_STRICT_OBJC_MSGSEND = YES;
				ENABLE_TESTABILITY = YES;
				GCC_C_LANGUAGE_STANDARD = gnu11;
				GCC_DYNAMIC_NO_PIC = NO;
				GCC_NO_COMMON_BLOCKS = YES;
				GCC_OPTIMIZATION_LEVEL = 0;
				GCC_PREPROCESSOR_DEFINITIONS = (
					"DEBUG=1",
					"$(inherited)",
				);
				GCC_WARN_64_TO_32_BIT_CONVERSION = YES;
				GCC_WARN_ABOUT_RETURN_TYPE = YES_ERROR;
				GCC_WARN_UNDECLARED_SELECTOR = YES;
				GCC_WARN_UNINITIALIZED_AUTOS = YES_AGGRESSIVE;
				GCC_WARN_UNUSED_FUNCTION = YES;
				GCC_WARN_UNUSED_VARIABLE = YES;
				IPHONEOS_DEPLOYMENT_TARGET = 15.0;
				MTL_ENABLE_DEBUG_INFO = INCLUDE_SOURCE;
				MTL_FAST_MATH = YES;
				ONLY_ACTIVE_ARCH = YES;
				SDKROOT = iphoneos;
				SWIFT_ACTIVE_COMPILATION_CONDITIONS = DEBUG;
				SWIFT_OPTIMIZATION_LEVEL = "-Onone";
			};
			name = Debug;
		};
		4FE5D30726FDC1AF005E548D /* Release */ = {
			isa = XCBuildConfiguration;
			buildSettings = {
				ALWAYS_SEARCH_USER_PATHS = NO;
				CLANG_ANALYZER_NONNULL = YES;
				CLANG_ANALYZER_NUMBER_OBJECT_CONVERSION = YES_AGGRESSIVE;
				CLANG_CXX_LANGUAGE_STANDARD = "gnu++17";
				CLANG_CXX_LIBRARY = "libc++";
				CLANG_ENABLE_MODULES = YES;
				CLANG_ENABLE_OBJC_ARC = YES;
				CLANG_ENABLE_OBJC_WEAK = YES;
				CLANG_WARN_BLOCK_CAPTURE_AUTORELEASING = YES;
				CLANG_WARN_BOOL_CONVERSION = YES;
				CLANG_WARN_COMMA = YES;
				CLANG_WARN_CONSTANT_CONVERSION = YES;
				CLANG_WARN_DEPRECATED_OBJC_IMPLEMENTATIONS = YES;
				CLANG_WARN_DIRECT_OBJC_ISA_USAGE = YES_ERROR;
				CLANG_WARN_DOCUMENTATION_COMMENTS = YES;
				CLANG_WARN_EMPTY_BODY = YES;
				CLANG_WARN_ENUM_CONVERSION = YES;
				CLANG_WARN_INFINITE_RECURSION = YES;
				CLANG_WARN_INT_CONVERSION = YES;
				CLANG_WARN_NON_LITERAL_NULL_CONVERSION = YES;
				CLANG_WARN_OBJC_IMPLICIT_RETAIN_SELF = YES;
				CLANG_WARN_OBJC_LITERAL_CONVERSION = YES;
				CLANG_WARN_OBJC_ROOT_CLASS = YES_ERROR;
				CLANG_WARN_QUOTED_INCLUDE_IN_FRAMEWORK_HEADER = YES;
				CLANG_WARN_RANGE_LOOP_ANALYSIS = YES;
				CLANG_WARN_STRICT_PROTOTYPES = YES;
				CLANG_WARN_SUSPICIOUS_MOVE = YES;
				CLANG_WARN_UNGUARDED_AVAILABILITY = YES_AGGRESSIVE;
				CLANG_WARN_UNREACHABLE_CODE = YES;
				CLANG_WARN__DUPLICATE_METHOD_MATCH = YES;
				COPY_PHASE_STRIP = NO;
				DEBUG_INFORMATION_FORMAT = "dwarf-with-dsym";
				ENABLE_NS_ASSERTIONS = NO;
				ENABLE_STRICT_OBJC_MSGSEND = YES;
				GCC_C_LANGUAGE_STANDARD = gnu11;
				GCC_NO_COMMON_BLOCKS = YES;
				GCC_WARN_64_TO_32_BIT_CONVERSION = YES;
				GCC_WARN_ABOUT_RETURN_TYPE = YES_ERROR;
				GCC_WARN_UNDECLARED_SELECTOR = YES;
				GCC_WARN_UNINITIALIZED_AUTOS = YES_AGGRESSIVE;
				GCC_WARN_UNUSED_FUNCTION = YES;
				GCC_WARN_UNUSED_VARIABLE = YES;
				IPHONEOS_DEPLOYMENT_TARGET = 15.0;
				MTL_ENABLE_DEBUG_INFO = NO;
				MTL_FAST_MATH = YES;
				SDKROOT = iphoneos;
				SWIFT_COMPILATION_MODE = wholemodule;
				SWIFT_OPTIMIZATION_LEVEL = "-O";
				VALIDATE_PRODUCT = YES;
			};
			name = Release;
		};
		4FE5D30926FDC1AF005E548D /* Debug */ = {
			isa = XCBuildConfiguration;
			buildSettings = {
				ASSETCATALOG_COMPILER_APPICON_NAME = AppIcon;
				ASSETCATALOG_COMPILER_GLOBAL_ACCENT_COLOR_NAME = AccentColor;
				CODE_SIGN_STYLE = Automatic;
				CURRENT_PROJECT_VERSION = 1;
				DEVELOPMENT_TEAM = 6U2TAM5353;
				GENERATE_INFOPLIST_FILE = YES;
				INFOPLIST_FILE = SpendTracker/Info.plist;
				INFOPLIST_KEY_UIApplicationSupportsIndirectInputEvents = YES;
				INFOPLIST_KEY_UILaunchStoryboardName = LaunchScreen;
				INFOPLIST_KEY_UIMainStoryboardFile = Main;
				INFOPLIST_KEY_UISupportedInterfaceOrientations_iPad = "UIInterfaceOrientationPortrait UIInterfaceOrientationPortraitUpsideDown UIInterfaceOrientationLandscapeLeft UIInterfaceOrientationLandscapeRight";
				INFOPLIST_KEY_UISupportedInterfaceOrientations_iPhone = "UIInterfaceOrientationPortrait UIInterfaceOrientationLandscapeLeft UIInterfaceOrientationLandscapeRight";
				LD_RUNPATH_SEARCH_PATHS = (
					"$(inherited)",
					"@executable_path/Frameworks",
				);
				MARKETING_VERSION = 1.0;
				PRODUCT_BUNDLE_IDENTIFIER = com.krauserhuang.SpendTracker;
				PRODUCT_NAME = "$(TARGET_NAME)";
				SWIFT_EMIT_LOC_STRINGS = YES;
				SWIFT_VERSION = 5.0;
				TARGETED_DEVICE_FAMILY = "1,2";
			};
			name = Debug;
		};
		4FE5D30A26FDC1AF005E548D /* Release */ = {
			isa = XCBuildConfiguration;
			buildSettings = {
				ASSETCATALOG_COMPILER_APPICON_NAME = AppIcon;
				ASSETCATALOG_COMPILER_GLOBAL_ACCENT_COLOR_NAME = AccentColor;
				CODE_SIGN_STYLE = Automatic;
				CURRENT_PROJECT_VERSION = 1;
				DEVELOPMENT_TEAM = 6U2TAM5353;
				GENERATE_INFOPLIST_FILE = YES;
				INFOPLIST_FILE = SpendTracker/Info.plist;
				INFOPLIST_KEY_UIApplicationSupportsIndirectInputEvents = YES;
				INFOPLIST_KEY_UILaunchStoryboardName = LaunchScreen;
				INFOPLIST_KEY_UIMainStoryboardFile = Main;
				INFOPLIST_KEY_UISupportedInterfaceOrientations_iPad = "UIInterfaceOrientationPortrait UIInterfaceOrientationPortraitUpsideDown UIInterfaceOrientationLandscapeLeft UIInterfaceOrientationLandscapeRight";
				INFOPLIST_KEY_UISupportedInterfaceOrientations_iPhone = "UIInterfaceOrientationPortrait UIInterfaceOrientationLandscapeLeft UIInterfaceOrientationLandscapeRight";
				LD_RUNPATH_SEARCH_PATHS = (
					"$(inherited)",
					"@executable_path/Frameworks",
				);
				MARKETING_VERSION = 1.0;
				PRODUCT_BUNDLE_IDENTIFIER = com.krauserhuang.SpendTracker;
				PRODUCT_NAME = "$(TARGET_NAME)";
				SWIFT_EMIT_LOC_STRINGS = YES;
				SWIFT_VERSION = 5.0;
				TARGETED_DEVICE_FAMILY = "1,2";
			};
			name = Release;
		};
/* End XCBuildConfiguration section */

/* Begin XCConfigurationList section */
		4FE5D2EF26FDC1AB005E548D /* Build configuration list for PBXProject "SpendTracker" */ = {
			isa = XCConfigurationList;
			buildConfigurations = (
				4FE5D30626FDC1AF005E548D /* Debug */,
				4FE5D30726FDC1AF005E548D /* Release */,
			);
			defaultConfigurationIsVisible = 0;
			defaultConfigurationName = Release;
		};
		4FE5D30826FDC1AF005E548D /* Build configuration list for PBXNativeTarget "SpendTracker" */ = {
			isa = XCConfigurationList;
			buildConfigurations = (
				4FE5D30926FDC1AF005E548D /* Debug */,
				4FE5D30A26FDC1AF005E548D /* Release */,
			);
			defaultConfigurationIsVisible = 0;
			defaultConfigurationName = Release;
		};
/* End XCConfigurationList section */

/* Begin XCRemoteSwiftPackageReference section */
		4FB6EB982723DEDA000CBDAA /* XCRemoteSwiftPackageReference "Charts" */ = {
			isa = XCRemoteSwiftPackageReference;
			repositoryURL = "https://github.com/danielgindi/Charts.git";
			requirement = {
				branch = master;
				kind = branch;
			};
		};
/* End XCRemoteSwiftPackageReference section */

/* Begin XCSwiftPackageProductDependency section */
		4FB6EB992723DEDA000CBDAA /* Charts */ = {
			isa = XCSwiftPackageProductDependency;
			package = 4FB6EB982723DEDA000CBDAA /* XCRemoteSwiftPackageReference "Charts" */;
			productName = Charts;
		};
/* End XCSwiftPackageProductDependency section */

/* Begin XCVersionGroup section */
		4FA5EF1A271E58D6000F74F0 /* SpendTracker.xcdatamodeld */ = {
			isa = XCVersionGroup;
			children = (
				4FA5EF1B271E58D6000F74F0 /* SpendTracker.xcdatamodel */,
			);
			currentVersion = 4FA5EF1B271E58D6000F74F0 /* SpendTracker.xcdatamodel */;
			path = SpendTracker.xcdatamodeld;
			sourceTree = "<group>";
			usesTabs = 0;
			versionGroupType = wrapper.xcdatamodel;
		};
/* End XCVersionGroup section */
	};
	rootObject = 4FE5D2EC26FDC1AB005E548D /* Project object */;
}
